
Microsoft Visual Studio Solution File, Format Version 12.00
# Visual Studio 15
VisualStudioVersion = 15.0.27703.2018
MinimumVisualStudioVersion = 10.0.40219.1
Project("{FAE04EC0-301F-11D3-BF4B-00C04F79EFBC}") = "GateKeeper.Pixel", "GateKeeper.Pixel\GateKeeper.Pixel.csproj", "{26DB7CA6-20E1-4813-AF83-96FE1C41116D}"
EndProject
Global
	GlobalSection(SolutionConfigurationPlatforms) = preSolution
		Debug|Any CPU = Debug|Any CPU
		Release|Any CPU = Release|Any CPU
	EndGlobalSection
	GlobalSection(ProjectConfigurationPlatforms) = postSolution
		{26DB7CA6-20E1-4813-AF83-96FE1C41116D}.Debug|Any CPU.ActiveCfg = Debug|Any CPU
		{26DB7CA6-20E1-4813-AF83-96FE1C41116D}.Debug|Any CPU.Build.0 = Debug|Any CPU
		{26DB7CA6-20E1-4813-AF83-96FE1C41116D}.Release|Any CPU.ActiveCfg = Release|Any CPU
		{26DB7CA6-20E1-4813-AF83-96FE1C41116D}.Release|Any CPU.Build.0 = Release|Any CPU
	EndGlobalSection
	GlobalSection(SolutionProperties) = preSolution
		HideSolutionNode = FALSE
	EndGlobalSection
	GlobalSection(ExtensibilityGlobals) = postSolution
		SolutionGuid = {880B1996-64D6-40B4-BF5D-646D7D7CDE32}
	EndGlobalSection
EndGlobal
